
Microsoft Visual Studio Solution File, Format Version 12.00
# Visual Studio 15
VisualStudioVersion = 15.0.27703.2042
MinimumVisualStudioVersion = 10.0.40219.1
Project("{FAE04EC0-301F-11D3-BF4B-00C04F79EFBC}") = "Ch6-P4-ObjectOverrides", "Ch6-P4-ObjectOverrides\Ch6-P4-ObjectOverrides.csproj", "{2248C209-2723-409A-8CD1-809134E9242D}"
EndProject
Global
	GlobalSection(SolutionConfigurationPlatforms) = preSolution
		Debug|Any CPU = Debug|Any CPU
		Release|Any CPU = Release|Any CPU
	EndGlobalSection
	GlobalSection(ProjectConfigurationPlatforms) = postSolution
		{2248C209-2723-409A-8CD1-809134E9242D}.Debug|Any CPU.ActiveCfg = Debug|Any CPU
		{2248C209-2723-409A-8CD1-809134E9242D}.Debug|Any CPU.Build.0 = Debug|Any CPU
		{2248C209-2723-409A-8CD1-809134E9242D}.Release|Any CPU.ActiveCfg = Release|Any CPU
		{2248C209-2723-409A-8CD1-809134E9242D}.Release|Any CPU.Build.0 = Release|Any CPU
	EndGlobalSection
	GlobalSection(SolutionProperties) = preSolution
		HideSolutionNode = FALSE
	EndGlobalSection
	GlobalSection(ExtensibilityGlobals) = postSolution
		SolutionGuid = {E45ED487-BB6C-4AF3-A550-06FEA9C23D4A}
	EndGlobalSection
EndGlobal
